
Microsoft Visual Studio Solution File, Format Version 12.00
# Visual Studio Version 17
VisualStudioVersion = 17.8.34511.84
MinimumVisualStudioVersion = 10.0.40219.1
Project("{FAE04EC0-301F-11D3-BF4B-00C04F79EFBC}") = "MinimalAPIExample", "MinimalAPIExample\MinimalAPIExample.csproj", "{E590A063-3DBC-4F6F-926E-B5C0C2EC2CA4}"
EndProject
Project("{2150E333-8FDC-42A3-9474-1A3956D46DE8}") = "Solution Items", "Solution Items", "{D756BC67-78CA-4B88-94F6-E7DB80E5F505}"
	ProjectSection(SolutionItems) = preProject
		..\.gitattributes = ..\.gitattributes
		..\.gitignore = ..\.gitignore
		..\LICENSE = ..\LICENSE
		..\README.md = ..\README.md
	EndProjectSection
EndProject
Global
	GlobalSection(SolutionConfigurationPlatforms) = preSolution
		Debug|Any CPU = Debug|Any CPU
		Release|Any CPU = Release|Any CPU
	EndGlobalSection
	GlobalSection(ProjectConfigurationPlatforms) = postSolution
		{E590A063-3DBC-4F6F-926E-B5C0C2EC2CA4}.Debug|Any CPU.ActiveCfg = Debug|Any CPU
		{E590A063-3DBC-4F6F-926E-B5C0C2EC2CA4}.Debug|Any CPU.Build.0 = Debug|Any CPU
		{E590A063-3DBC-4F6F-926E-B5C0C2EC2CA4}.Release|Any CPU.ActiveCfg = Release|Any CPU
		{E590A063-3DBC-4F6F-926E-B5C0C2EC2CA4}.Release|Any CPU.Build.0 = Release|Any CPU
	EndGlobalSection
	GlobalSection(SolutionProperties) = preSolution
		HideSolutionNode = FALSE
	EndGlobalSection
	GlobalSection(ExtensibilityGlobals) = postSolution
		SolutionGuid = {B6BC4255-5D4F-4973-828C-1592D2086403}
	EndGlobalSection
EndGlobal
